
Microsoft Visual Studio Solution File, Format Version 12.00
# Visual Studio Version 17
VisualStudioVersion = 17.8.34322.80
MinimumVisualStudioVersion = 10.0.40219.1
Project("{FAE04EC0-301F-11D3-BF4B-00C04F79EFBC}") = "CarFixFiler", "CarFixFiler\CarFixFiler.csproj", "{B07E5B4C-750C-4717-8521-D74EB93290C0}"
EndProject
Global
	GlobalSection(SolutionConfigurationPlatforms) = preSolution
		Debug|Any CPU = Debug|Any CPU
		Release|Any CPU = Release|Any CPU
	EndGlobalSection
	GlobalSection(ProjectConfigurationPlatforms) = postSolution
		{B07E5B4C-750C-4717-8521-D74EB93290C0}.Debug|Any CPU.ActiveCfg = Debug|Any CPU
		{B07E5B4C-750C-4717-8521-D74EB93290C0}.Debug|Any CPU.Build.0 = Debug|Any CPU
		{B07E5B4C-750C-4717-8521-D74EB93290C0}.Release|Any CPU.ActiveCfg = Release|Any CPU
		{B07E5B4C-750C-4717-8521-D74EB93290C0}.Release|Any CPU.Build.0 = Release|Any CPU
	EndGlobalSection
	GlobalSection(SolutionProperties) = preSolution
		HideSolutionNode = FALSE
	EndGlobalSection
	GlobalSection(ExtensibilityGlobals) = postSolution
		SolutionGuid = {BAF8D512-08B2-4907-B948-01D37736CA22}
	EndGlobalSection
EndGlobal
